
Microsoft Visual Studio Solution File, Format Version 12.00
# Visual Studio Version 16
VisualStudioVersion = 16.0.29025.244
MinimumVisualStudioVersion = 10.0.40219.1
Project("{8BC9CEB8-8B4A-11D0-8D11-00A0C91BC942}") = "TrainingFramework", "TrainingFramework\TrainingFramework.vcxproj", "{FC024EC8-32F4-4657-A2CB-14D2B3A931F8}"
EndProject
Project("{8BC9CEB8-8B4A-11D0-8D11-00A0C91BC942}") = "Utilities", "Utilities\Utilities.vcxproj", "{0D44529E-F7DD-4454-8EAD-9AFD857F53B4}"
EndProject
Project("{8BC9CEB8-8B4A-11D0-8D11-00A0C91BC942}") = "freetype", "freetype\builds\windows\vc2019\freetype.vcxproj", "{78B079BD-9FC7-4B9E-B4A6-96DA0F00248B}"
EndProject
Global
	GlobalSection(SolutionConfigurationPlatforms) = preSolution
		Debug-AMD|Win32 = Debug-AMD|Win32
		Debug-Angle|Win32 = Debug-Angle|Win32
		Debug-Nvidia|Win32 = Debug-Nvidia|Win32
		Release-AMD|Win32 = Release-AMD|Win32
		Release-Angle|Win32 = Release-Angle|Win32
		Release-Nvidia|Win32 = Release-Nvidia|Win32
	EndGlobalSection
	GlobalSection(ProjectConfigurationPlatforms) = postSolution
		{FC024EC8-32F4-4657-A2CB-14D2B3A931F8}.Debug-AMD|Win32.ActiveCfg = Debug-AMD|Win32
		{FC024EC8-32F4-4657-A2CB-14D2B3A931F8}.Debug-AMD|Win32.Build.0 = Debug-AMD|Win32
		{FC024EC8-32F4-4657-A2CB-14D2B3A931F8}.Debug-Angle|Win32.ActiveCfg = Debug-Angle|Win32
		{FC024EC8-32F4-4657-A2CB-14D2B3A931F8}.Debug-Angle|Win32.Build.0 = Debug-Angle|Win32
		{FC024EC8-32F4-4657-A2CB-14D2B3A931F8}.Debug-Nvidia|Win32.ActiveCfg = Debug-Nvidia|Win32
		{FC024EC8-32F4-4657-A2CB-14D2B3A931F8}.Debug-Nvidia|Win32.Build.0 = Debug-Nvidia|Win32
		{FC024EC8-32F4-4657-A2CB-14D2B3A931F8}.Release-AMD|Win32.ActiveCfg = Release-AMD|Win32
		{FC024EC8-32F4-4657-A2CB-14D2B3A931F8}.Release-AMD|Win32.Build.0 = Release-AMD|Win32
		{FC024EC8-32F4-4657-A2CB-14D2B3A931F8}.Release-Angle|Win32.ActiveCfg = Release-Angle|Win32
		{FC024EC8-32F4-4657-A2CB-14D2B3A931F8}.Release-Angle|Win32.Build.0 = Release-Angle|Win32
		{FC024EC8-32F4-4657-A2CB-14D2B3A931F8}.Release-Nvidia|Win32.ActiveCfg = Release-Nvidia|Win32
		{FC024EC8-32F4-4657-A2CB-14D2B3A931F8}.Release-Nvidia|Win32.Build.0 = Release-Nvidia|Win32
		{0D44529E-F7DD-4454-8EAD-9AFD857F53B4}.Debug-AMD|Win32.ActiveCfg = Debug-AMD|Win32
		{0D44529E-F7DD-4454-8EAD-9AFD857F53B4}.Debug-AMD|Win32.Build.0 = Debug-AMD|Win32
		{0D44529E-F7DD-4454-8EAD-9AFD857F53B4}.Debug-Angle|Win32.ActiveCfg = Debug-Angle|Win32
		{0D44529E-F7DD-4454-8EAD-9AFD857F53B4}.Debug-Angle|Win32.Build.0 = Debug-Angle|Win32
		{0D44529E-F7DD-4454-8EAD-9AFD857F53B4}.Debug-Nvidia|Win32.ActiveCfg = Debug-Nvidia|Win32
		{0D44529E-F7DD-4454-8EAD-9AFD857F53B4}.Debug-Nvidia|Win32.Build.0 = Debug-Nvidia|Win32
		{0D44529E-F7DD-4454-8EAD-9AFD857F53B4}.Release-AMD|Win32.ActiveCfg = Release-AMD|Win32
		{0D44529E-F7DD-4454-8EAD-9AFD857F53B4}.Release-AMD|Win32.Build.0 = Release-AMD|Win32
		{0D44529E-F7DD-4454-8EAD-9AFD857F53B4}.Release-Angle|Win32.ActiveCfg = Release-Angle|Win32
		{0D44529E-F7DD-4454-8EAD-9AFD857F53B4}.Release-Angle|Win32.Build.0 = Release-Angle|Win32
		{0D44529E-F7DD-4454-8EAD-9AFD857F53B4}.Release-Nvidia|Win32.ActiveCfg = Release-Nvidia|Win32
		{0D44529E-F7DD-4454-8EAD-9AFD857F53B4}.Release-Nvidia|Win32.Build.0 = Release-Nvidia|Win32
		{78B079BD-9FC7-4B9E-B4A6-96DA0F00248B}.Debug-AMD|Win32.ActiveCfg = Debug|Win32
		{78B079BD-9FC7-4B9E-B4A6-96DA0F00248B}.Debug-AMD|Win32.Build.0 = Debug|Win32
		{78B079BD-9FC7-4B9E-B4A6-96DA0F00248B}.Debug-Angle|Win32.ActiveCfg = Debug|Win32
		{78B079BD-9FC7-4B9E-B4A6-96DA0F00248B}.Debug-Angle|Win32.Build.0 = Debug|Win32
		{78B079BD-9FC7-4B9E-B4A6-96DA0F00248B}.Debug-Nvidia|Win32.ActiveCfg = Debug|Win32
		{78B079BD-9FC7-4B9E-B4A6-96DA0F00248B}.Debug-Nvidia|Win32.Build.0 = Debug|Win32
		{78B079BD-9FC7-4B9E-B4A6-96DA0F00248B}.Release-AMD|Win32.ActiveCfg = Release|Win32
		{78B079BD-9FC7-4B9E-B4A6-96DA0F00248B}.Release-AMD|Win32.Build.0 = Release|Win32
		{78B079BD-9FC7-4B9E-B4A6-96DA0F00248B}.Release-Angle|Win32.ActiveCfg = Release|Win32
		{78B079BD-9FC7-4B9E-B4A6-96DA0F00248B}.Release-Angle|Win32.Build.0 = Release|Win32
		{78B079BD-9FC7-4B9E-B4A6-96DA0F00248B}.Release-Nvidia|Win32.ActiveCfg = Release|Win32
		{78B079BD-9FC7-4B9E-B4A6-96DA0F00248B}.Release-Nvidia|Win32.Build.0 = Release|Win32
	EndGlobalSection
	GlobalSection(SolutionProperties) = preSolution
		HideSolutionNode = FALSE
	EndGlobalSection
	GlobalSection(ExtensibilityGlobals) = postSolution
		SolutionGuid = {9E2711CD-C223-4C09-A5F5-EF555D7F28B0}
	EndGlobalSection
EndGlobal
